// !$*UTF8*$!
{
	archiveVersion = 1;
	classes = {
	};
	objectVersion = 51;
	objects = {

/* Begin PBXBuildFile section */
		640F53DCD2BE6FD268071EF2 /* Pods_eventsTests.framework in Frameworks */ = {isa = PBXBuildFile; fileRef = BD2E665A139327265256E140 /* Pods_eventsTests.framework */; };
		82DD4D494BABB42BB5CD4B9A /* Pods_events.framework in Frameworks */ = {isa = PBXBuildFile; fileRef = 941DCB33DD8527B697C833FC /* Pods_events.framework */; };
		88F1D78C254354F000B6438B /* AppDelegate.swift in Sources */ = {isa = PBXBuildFile; fileRef = 88F1D78B254354F000B6438B /* AppDelegate.swift */; };
		88F1D78E254354F000B6438B /* SceneDelegate.swift in Sources */ = {isa = PBXBuildFile; fileRef = 88F1D78D254354F000B6438B /* SceneDelegate.swift */; };
		88F1D795254354F100B6438B /* Assets.xcassets in Resources */ = {isa = PBXBuildFile; fileRef = 88F1D794254354F100B6438B /* Assets.xcassets */; };
		88F1D7A3254354F100B6438B /* eventsTests.swift in Sources */ = {isa = PBXBuildFile; fileRef = 88F1D7A2254354F100B6438B /* eventsTests.swift */; };
		88F1D7B12543553900B6438B /* LaunchScreen.storyboard in Resources */ = {isa = PBXBuildFile; fileRef = 88F1D7B02543553900B6438B /* LaunchScreen.storyboard */; };
		88F1D7BE2543606A00B6438B /* APIProtocol.swift in Sources */ = {isa = PBXBuildFile; fileRef = 88F1D7BD2543606A00B6438B /* APIProtocol.swift */; };
		88F1D7C02543609600B6438B /* EventAPI.swift in Sources */ = {isa = PBXBuildFile; fileRef = 88F1D7BF2543609600B6438B /* EventAPI.swift */; };
		88F1D7C3254361A100B6438B /* Service.swift in Sources */ = {isa = PBXBuildFile; fileRef = 88F1D7C2254361A100B6438B /* Service.swift */; };
		88F1D7C5254374DD00B6438B /* ServiceError.swift in Sources */ = {isa = PBXBuildFile; fileRef = 88F1D7C4254374DD00B6438B /* ServiceError.swift */; };
		88F1D7CC254389F200B6438B /* EventsViewController.swift in Sources */ = {isa = PBXBuildFile; fileRef = 88F1D7CB254389F200B6438B /* EventsViewController.swift */; };
		88F1D7CE254389FD00B6438B /* EventsView.swift in Sources */ = {isa = PBXBuildFile; fileRef = 88F1D7CD254389FD00B6438B /* EventsView.swift */; };
		88F1D7D125438B7700B6438B /* UIView.swift in Sources */ = {isa = PBXBuildFile; fileRef = 88F1D7D025438B7700B6438B /* UIView.swift */; };
		88F1D7D425438F1400B6438B /* EventTableViewCell.swift in Sources */ = {isa = PBXBuildFile; fileRef = 88F1D7D325438F1400B6438B /* EventTableViewCell.swift */; };
		88F1D7D8254392DC00B6438B /* EventsViewModel.swift in Sources */ = {isa = PBXBuildFile; fileRef = 88F1D7D7254392DC00B6438B /* EventsViewModel.swift */; };
		88F1D7DB2544423100B6438B /* Event.swift in Sources */ = {isa = PBXBuildFile; fileRef = 88F1D7DA2544423100B6438B /* Event.swift */; };
		88F1D7E2254499D500B6438B /* EventDetailsViewController.swift in Sources */ = {isa = PBXBuildFile; fileRef = 88F1D7E1254499D500B6438B /* EventDetailsViewController.swift */; };
		88F1D7E4254499F300B6438B /* EventDetailsView.swift in Sources */ = {isa = PBXBuildFile; fileRef = 88F1D7E3254499F300B6438B /* EventDetailsView.swift */; };
		88F1D7E62544BAEE00B6438B /* EventDetailsViewModel.swift in Sources */ = {isa = PBXBuildFile; fileRef = 88F1D7E52544BAEE00B6438B /* EventDetailsViewModel.swift */; };
		88F1D7E82544C96600B6438B /* Checkin.swift in Sources */ = {isa = PBXBuildFile; fileRef = 88F1D7E72544C96600B6438B /* Checkin.swift */; };
		88F1D7EB2544DE3400B6438B /* Label.swift in Sources */ = {isa = PBXBuildFile; fileRef = 88F1D7EA2544DE3400B6438B /* Label.swift */; };
		88F1D7EE2544E14600B6438B /* Typography.swift in Sources */ = {isa = PBXBuildFile; fileRef = 88F1D7ED2544E14600B6438B /* Typography.swift */; };
		88F1D7F22544E45600B6438B /* Palette.swift in Sources */ = {isa = PBXBuildFile; fileRef = 88F1D7F12544E45600B6438B /* Palette.swift */; };
		88F1D7F62544E50E00B6438B /* Button.swift in Sources */ = {isa = PBXBuildFile; fileRef = 88F1D7F52544E50E00B6438B /* Button.swift */; };
		88F1D7FC2547191A00B6438B /* DateFormat.swift in Sources */ = {isa = PBXBuildFile; fileRef = 88F1D7FB2547191A00B6438B /* DateFormat.swift */; };
		88F1D7FE2547379400B6438B /* CurrencyFormat.swift in Sources */ = {isa = PBXBuildFile; fileRef = 88F1D7FD2547379400B6438B /* CurrencyFormat.swift */; };
		88F1D80025473C4400B6438B /* EventCellViewModel.swift in Sources */ = {isa = PBXBuildFile; fileRef = 88F1D7FF25473C4400B6438B /* EventCellViewModel.swift */; };
		88F1D8022547428300B6438B /* UIViewController.swift in Sources */ = {isa = PBXBuildFile; fileRef = 88F1D8012547428300B6438B /* UIViewController.swift */; };
		88F1D806254757E000B6438B /* CheckinViewController.swift in Sources */ = {isa = PBXBuildFile; fileRef = 88F1D805254757E000B6438B /* CheckinViewController.swift */; };
		88F1D808254757EF00B6438B /* CheckinView.swift in Sources */ = {isa = PBXBuildFile; fileRef = 88F1D807254757EF00B6438B /* CheckinView.swift */; };
		88F1D80A254757F900B6438B /* CheckinViewModel.swift in Sources */ = {isa = PBXBuildFile; fileRef = 88F1D809254757F900B6438B /* CheckinViewModel.swift */; };
		88F1D80C2547656E00B6438B /* ActivityIndicatorView.swift in Sources */ = {isa = PBXBuildFile; fileRef = 88F1D80B2547656E00B6438B /* ActivityIndicatorView.swift */; };
/* End PBXBuildFile section */

/* Begin PBXContainerItemProxy section */
		88F1D79F254354F100B6438B /* PBXContainerItemProxy */ = {
			isa = PBXContainerItemProxy;
			containerPortal = 88F1D780254354F000B6438B /* Project object */;
			proxyType = 1;
			remoteGlobalIDString = 88F1D787254354F000B6438B;
			remoteInfo = events;
		};
/* End PBXContainerItemProxy section */

/* Begin PBXFileReference section */
		88F1D788254354F000B6438B /* events.app */ = {isa = PBXFileReference; explicitFileType = wrapper.application; includeInIndex = 0; path = events.app; sourceTree = BUILT_PRODUCTS_DIR; };
		88F1D78B254354F000B6438B /* AppDelegate.swift */ = {isa = PBXFileReference; lastKnownFileType = sourcecode.swift; path = AppDelegate.swift; sourceTree = "<group>"; };
		88F1D78D254354F000B6438B /* SceneDelegate.swift */ = {isa = PBXFileReference; lastKnownFileType = sourcecode.swift; path = SceneDelegate.swift; sourceTree = "<group>"; };
		88F1D794254354F100B6438B /* Assets.xcassets */ = {isa = PBXFileReference; lastKnownFileType = folder.assetcatalog; path = Assets.xcassets; sourceTree = "<group>"; };
		88F1D799254354F100B6438B /* Info.plist */ = {isa = PBXFileReference; lastKnownFileType = text.plist.xml; path = Info.plist; sourceTree = "<group>"; };
		88F1D79E254354F100B6438B /* eventsTests.xctest */ = {isa = PBXFileReference; explicitFileType = wrapper.cfbundle; includeInIndex = 0; path = eventsTests.xctest; sourceTree = BUILT_PRODUCTS_DIR; };
		88F1D7A2254354F100B6438B /* eventsTests.swift */ = {isa = PBXFileReference; lastKnownFileType = sourcecode.swift; path = eventsTests.swift; sourceTree = "<group>"; };
		88F1D7A4254354F100B6438B /* Info.plist */ = {isa = PBXFileReference; lastKnownFileType = text.plist.xml; path = Info.plist; sourceTree = "<group>"; };
		88F1D7B02543553900B6438B /* LaunchScreen.storyboard */ = {isa = PBXFileReference; lastKnownFileType = file.storyboard; path = LaunchScreen.storyboard; sourceTree = "<group>"; };
		88F1D7BD2543606A00B6438B /* APIProtocol.swift */ = {isa = PBXFileReference; lastKnownFileType = sourcecode.swift; path = APIProtocol.swift; sourceTree = "<group>"; };
		88F1D7BF2543609600B6438B /* EventAPI.swift */ = {isa = PBXFileReference; lastKnownFileType = sourcecode.swift; path = EventAPI.swift; sourceTree = "<group>"; };
		88F1D7C2254361A100B6438B /* Service.swift */ = {isa = PBXFileReference; lastKnownFileType = sourcecode.swift; path = Service.swift; sourceTree = "<group>"; };
		88F1D7C4254374DD00B6438B /* ServiceError.swift */ = {isa = PBXFileReference; lastKnownFileType = sourcecode.swift; path = ServiceError.swift; sourceTree = "<group>"; };
		88F1D7CB254389F200B6438B /* EventsViewController.swift */ = {isa = PBXFileReference; lastKnownFileType = sourcecode.swift; path = EventsViewController.swift; sourceTree = "<group>"; };
		88F1D7CD254389FD00B6438B /* EventsView.swift */ = {isa = PBXFileReference; lastKnownFileType = sourcecode.swift; path = EventsView.swift; sourceTree = "<group>"; };
		88F1D7D025438B7700B6438B /* UIView.swift */ = {isa = PBXFileReference; lastKnownFileType = sourcecode.swift; path = UIView.swift; sourceTree = "<group>"; };
		88F1D7D325438F1400B6438B /* EventTableViewCell.swift */ = {isa = PBXFileReference; lastKnownFileType = sourcecode.swift; path = EventTableViewCell.swift; sourceTree = "<group>"; };
		88F1D7D7254392DC00B6438B /* EventsViewModel.swift */ = {isa = PBXFileReference; lastKnownFileType = sourcecode.swift; path = EventsViewModel.swift; sourceTree = "<group>"; };
		88F1D7DA2544423100B6438B /* Event.swift */ = {isa = PBXFileReference; lastKnownFileType = sourcecode.swift; path = Event.swift; sourceTree = "<group>"; };
		88F1D7E1254499D500B6438B /* EventDetailsViewController.swift */ = {isa = PBXFileReference; lastKnownFileType = sourcecode.swift; path = EventDetailsViewController.swift; sourceTree = "<group>"; };
		88F1D7E3254499F300B6438B /* EventDetailsView.swift */ = {isa = PBXFileReference; lastKnownFileType = sourcecode.swift; path = EventDetailsView.swift; sourceTree = "<group>"; };
		88F1D7E52544BAEE00B6438B /* EventDetailsViewModel.swift */ = {isa = PBXFileReference; lastKnownFileType = sourcecode.swift; path = EventDetailsViewModel.swift; sourceTree = "<group>"; };
		88F1D7E72544C96600B6438B /* Checkin.swift */ = {isa = PBXFileReference; lastKnownFileType = sourcecode.swift; path = Checkin.swift; sourceTree = "<group>"; };
		88F1D7EA2544DE3400B6438B /* Label.swift */ = {isa = PBXFileReference; lastKnownFileType = sourcecode.swift; path = Label.swift; sourceTree = "<group>"; };
		88F1D7ED2544E14600B6438B /* Typography.swift */ = {isa = PBXFileReference; lastKnownFileType = sourcecode.swift; path = Typography.swift; sourceTree = "<group>"; };
		88F1D7F12544E45600B6438B /* Palette.swift */ = {isa = PBXFileReference; lastKnownFileType = sourcecode.swift; path = Palette.swift; sourceTree = "<group>"; };
		88F1D7F52544E50E00B6438B /* Button.swift */ = {isa = PBXFileReference; lastKnownFileType = sourcecode.swift; path = Button.swift; sourceTree = "<group>"; };
		88F1D7FB2547191A00B6438B /* DateFormat.swift */ = {isa = PBXFileReference; lastKnownFileType = sourcecode.swift; path = DateFormat.swift; sourceTree = "<group>"; };
		88F1D7FD2547379400B6438B /* CurrencyFormat.swift */ = {isa = PBXFileReference; lastKnownFileType = sourcecode.swift; path = CurrencyFormat.swift; sourceTree = "<group>"; };
		88F1D7FF25473C4400B6438B /* EventCellViewModel.swift */ = {isa = PBXFileReference; lastKnownFileType = sourcecode.swift; path = EventCellViewModel.swift; sourceTree = "<group>"; };
		88F1D8012547428300B6438B /* UIViewController.swift */ = {isa = PBXFileReference; lastKnownFileType = sourcecode.swift; path = UIViewController.swift; sourceTree = "<group>"; };
		88F1D805254757E000B6438B /* CheckinViewController.swift */ = {isa = PBXFileReference; lastKnownFileType = sourcecode.swift; path = CheckinViewController.swift; sourceTree = "<group>"; };
		88F1D807254757EF00B6438B /* CheckinView.swift */ = {isa = PBXFileReference; lastKnownFileType = sourcecode.swift; path = CheckinView.swift; sourceTree = "<group>"; };
		88F1D809254757F900B6438B /* CheckinViewModel.swift */ = {isa = PBXFileReference; lastKnownFileType = sourcecode.swift; path = CheckinViewModel.swift; sourceTree = "<group>"; };
		88F1D80B2547656E00B6438B /* ActivityIndicatorView.swift */ = {isa = PBXFileReference; lastKnownFileType = sourcecode.swift; path = ActivityIndicatorView.swift; sourceTree = "<group>"; };
		941DCB33DD8527B697C833FC /* Pods_events.framework */ = {isa = PBXFileReference; explicitFileType = wrapper.framework; includeInIndex = 0; path = Pods_events.framework; sourceTree = BUILT_PRODUCTS_DIR; };
		A234ACF043CD57523891267F /* Pods-events.release.xcconfig */ = {isa = PBXFileReference; includeInIndex = 1; lastKnownFileType = text.xcconfig; name = "Pods-events.release.xcconfig"; path = "Target Support Files/Pods-events/Pods-events.release.xcconfig"; sourceTree = "<group>"; };
		BD2E665A139327265256E140 /* Pods_eventsTests.framework */ = {isa = PBXFileReference; explicitFileType = wrapper.framework; includeInIndex = 0; path = Pods_eventsTests.framework; sourceTree = BUILT_PRODUCTS_DIR; };
		D21EBA6EF2F950C586A94623 /* Pods-events.debug.xcconfig */ = {isa = PBXFileReference; includeInIndex = 1; lastKnownFileType = text.xcconfig; name = "Pods-events.debug.xcconfig"; path = "Target Support Files/Pods-events/Pods-events.debug.xcconfig"; sourceTree = "<group>"; };
		D4BF9C0BE5208D3CBD1D452A /* Pods-eventsTests.debug.xcconfig */ = {isa = PBXFileReference; includeInIndex = 1; lastKnownFileType = text.xcconfig; name = "Pods-eventsTests.debug.xcconfig"; path = "Target Support Files/Pods-eventsTests/Pods-eventsTests.debug.xcconfig"; sourceTree = "<group>"; };
		F63C236F99333BEF29CA6CC0 /* Pods-eventsTests.release.xcconfig */ = {isa = PBXFileReference; includeInIndex = 1; lastKnownFileType = text.xcconfig; name = "Pods-eventsTests.release.xcconfig"; path = "Target Support Files/Pods-eventsTests/Pods-eventsTests.release.xcconfig"; sourceTree = "<group>"; };
/* End PBXFileReference section */

/* Begin PBXFrameworksBuildPhase section */
		88F1D785254354F000B6438B /* Frameworks */ = {
			isa = PBXFrameworksBuildPhase;
			buildActionMask = 2147483647;
			files = (
				82DD4D494BABB42BB5CD4B9A /* Pods_events.framework in Frameworks */,
			);
			runOnlyForDeploymentPostprocessing = 0;
		};
		88F1D79B254354F100B6438B /* Frameworks */ = {
			isa = PBXFrameworksBuildPhase;
			buildActionMask = 2147483647;
			files = (
				640F53DCD2BE6FD268071EF2 /* Pods_eventsTests.framework in Frameworks */,
			);
			runOnlyForDeploymentPostprocessing = 0;
		};
/* End PBXFrameworksBuildPhase section */

/* Begin PBXGroup section */
		17D4ECC15492369E2B78081B /* Pods */ = {
			isa = PBXGroup;
			children = (
				D21EBA6EF2F950C586A94623 /* Pods-events.debug.xcconfig */,
				A234ACF043CD57523891267F /* Pods-events.release.xcconfig */,
				D4BF9C0BE5208D3CBD1D452A /* Pods-eventsTests.debug.xcconfig */,
				F63C236F99333BEF29CA6CC0 /* Pods-eventsTests.release.xcconfig */,
			);
			path = Pods;
			sourceTree = "<group>";
		};
		88F1D77F254354F000B6438B = {
			isa = PBXGroup;
			children = (
				88F1D78A254354F000B6438B /* events */,
				88F1D7A1254354F100B6438B /* eventsTests */,
				88F1D789254354F000B6438B /* Products */,
				17D4ECC15492369E2B78081B /* Pods */,
				E49F62BD1762C6F1C2E3DF6A /* Frameworks */,
			);
			sourceTree = "<group>";
		};
		88F1D789254354F000B6438B /* Products */ = {
			isa = PBXGroup;
			children = (
				88F1D788254354F000B6438B /* events.app */,
				88F1D79E254354F100B6438B /* eventsTests.xctest */,
			);
			name = Products;
			sourceTree = "<group>";
		};
		88F1D78A254354F000B6438B /* events */ = {
			isa = PBXGroup;
			children = (
				88F1D7B22543557200B6438B /* application */,
				88F1D7D92544422200B6438B /* model */,
				88F1D7B52543559600B6438B /* scene */,
				88F1D7E92544DE2A00B6438B /* view */,
				88F1D7B825435A1200B6438B /* network */,
				88F1D7CF25438B5C00B6438B /* util */,
				88F1D7AD254354F600B6438B /* asset */,
			);
			path = events;
			sourceTree = "<group>";
		};
		88F1D7A1254354F100B6438B /* eventsTests */ = {
			isa = PBXGroup;
			children = (
				88F1D7A2254354F100B6438B /* eventsTests.swift */,
				88F1D7A4254354F100B6438B /* Info.plist */,
			);
			path = eventsTests;
			sourceTree = "<group>";
		};
		88F1D7AD254354F600B6438B /* asset */ = {
			isa = PBXGroup;
			children = (
				88F1D794254354F100B6438B /* Assets.xcassets */,
				88F1D7B02543553900B6438B /* LaunchScreen.storyboard */,
			);
			path = asset;
			sourceTree = "<group>";
		};
		88F1D7B22543557200B6438B /* application */ = {
			isa = PBXGroup;
			children = (
				88F1D78B254354F000B6438B /* AppDelegate.swift */,
				88F1D78D254354F000B6438B /* SceneDelegate.swift */,
				88F1D799254354F100B6438B /* Info.plist */,
			);
			path = application;
			sourceTree = "<group>";
		};
		88F1D7B52543559600B6438B /* scene */ = {
			isa = PBXGroup;
			children = (
				88F1D7CA254389E400B6438B /* events */,
				88F1D7DC254498C400B6438B /* event-details */,
				88F1D804254757D400B6438B /* checkin */,
			);
			path = scene;
			sourceTree = "<group>";
		};
		88F1D7B825435A1200B6438B /* network */ = {
			isa = PBXGroup;
			children = (
				88F1D7C12543615700B6438B /* base */,
				88F1D7BF2543609600B6438B /* EventAPI.swift */,
			);
			path = network;
			sourceTree = "<group>";
		};
		88F1D7C12543615700B6438B /* base */ = {
			isa = PBXGroup;
			children = (
				88F1D7BD2543606A00B6438B /* APIProtocol.swift */,
				88F1D7C2254361A100B6438B /* Service.swift */,
				88F1D7C4254374DD00B6438B /* ServiceError.swift */,
			);
			path = base;
			sourceTree = "<group>";
		};
		88F1D7CA254389E400B6438B /* events */ = {
			isa = PBXGroup;
			children = (
				88F1D7CB254389F200B6438B /* EventsViewController.swift */,
				88F1D7CD254389FD00B6438B /* EventsView.swift */,
				88F1D7D7254392DC00B6438B /* EventsViewModel.swift */,
				88F1D7D225438EFE00B6438B /* event-cell */,
			);
			path = events;
			sourceTree = "<group>";
		};
		88F1D7CF25438B5C00B6438B /* util */ = {
			isa = PBXGroup;
			children = (
				88F1D7FB2547191A00B6438B /* DateFormat.swift */,
				88F1D7FD2547379400B6438B /* CurrencyFormat.swift */,
				88F1D7F72547174700B6438B /* extension */,
			);
			path = util;
			sourceTree = "<group>";
		};
		88F1D7D225438EFE00B6438B /* event-cell */ = {
			isa = PBXGroup;
			children = (
				88F1D7D325438F1400B6438B /* EventTableViewCell.swift */,
				88F1D7FF25473C4400B6438B /* EventCellViewModel.swift */,
			);
			path = "event-cell";
			sourceTree = "<group>";
		};
		88F1D7D92544422200B6438B /* model */ = {
			isa = PBXGroup;
			children = (
				88F1D7DA2544423100B6438B /* Event.swift */,
				88F1D7E72544C96600B6438B /* Checkin.swift */,
			);
			path = model;
			sourceTree = "<group>";
		};
		88F1D7DC254498C400B6438B /* event-details */ = {
			isa = PBXGroup;
			children = (
				88F1D7E1254499D500B6438B /* EventDetailsViewController.swift */,
				88F1D7E3254499F300B6438B /* EventDetailsView.swift */,
				88F1D7E52544BAEE00B6438B /* EventDetailsViewModel.swift */,
			);
			path = "event-details";
			sourceTree = "<group>";
		};
		88F1D7E92544DE2A00B6438B /* view */ = {
			isa = PBXGroup;
			children = (
				88F1D7EC2544E12F00B6438B /* style */,
				88F1D7EA2544DE3400B6438B /* Label.swift */,
				88F1D7F52544E50E00B6438B /* Button.swift */,
				88F1D80B2547656E00B6438B /* ActivityIndicatorView.swift */,
			);
			path = view;
			sourceTree = "<group>";
		};
		88F1D7EC2544E12F00B6438B /* style */ = {
			isa = PBXGroup;
			children = (
				88F1D7ED2544E14600B6438B /* Typography.swift */,
				88F1D7F12544E45600B6438B /* Palette.swift */,
			);
			path = style;
			sourceTree = "<group>";
		};
		88F1D7F72547174700B6438B /* extension */ = {
			isa = PBXGroup;
			children = (
				88F1D7D025438B7700B6438B /* UIView.swift */,
				88F1D8012547428300B6438B /* UIViewController.swift */,
			);
			path = extension;
			sourceTree = "<group>";
		};
		88F1D804254757D400B6438B /* checkin */ = {
			isa = PBXGroup;
			children = (
				88F1D805254757E000B6438B /* CheckinViewController.swift */,
				88F1D807254757EF00B6438B /* CheckinView.swift */,
				88F1D809254757F900B6438B /* CheckinViewModel.swift */,
			);
			path = checkin;
			sourceTree = "<group>";
		};
		E49F62BD1762C6F1C2E3DF6A /* Frameworks */ = {
			isa = PBXGroup;
			children = (
				941DCB33DD8527B697C833FC /* Pods_events.framework */,
				BD2E665A139327265256E140 /* Pods_eventsTests.framework */,
			);
			name = Frameworks;
			sourceTree = "<group>";
		};
/* End PBXGroup section */

/* Begin PBXNativeTarget section */
		88F1D787254354F000B6438B /* events */ = {
			isa = PBXNativeTarget;
			buildConfigurationList = 88F1D7A7254354F100B6438B /* Build configuration list for PBXNativeTarget "events" */;
			buildPhases = (
				516A27AA2EF221C07CB1A0E6 /* [CP] Check Pods Manifest.lock */,
				88F1D784254354F000B6438B /* Sources */,
				88F1D785254354F000B6438B /* Frameworks */,
				88F1D786254354F000B6438B /* Resources */,
				54EE5CC1103FD2C347D4EBB1 /* [CP] Embed Pods Frameworks */,
			);
			buildRules = (
			);
			dependencies = (
			);
			name = events;
			productName = events;
			productReference = 88F1D788254354F000B6438B /* events.app */;
			productType = "com.apple.product-type.application";
		};
		88F1D79D254354F100B6438B /* eventsTests */ = {
			isa = PBXNativeTarget;
			buildConfigurationList = 88F1D7AA254354F100B6438B /* Build configuration list for PBXNativeTarget "eventsTests" */;
			buildPhases = (
				2A6DF068AD98DF5C049F9572 /* [CP] Check Pods Manifest.lock */,
				88F1D79A254354F100B6438B /* Sources */,
				88F1D79B254354F100B6438B /* Frameworks */,
				88F1D79C254354F100B6438B /* Resources */,
			);
			buildRules = (
			);
			dependencies = (
				88F1D7A0254354F100B6438B /* PBXTargetDependency */,
			);
			name = eventsTests;
			productName = eventsTests;
			productReference = 88F1D79E254354F100B6438B /* eventsTests.xctest */;
			productType = "com.apple.product-type.bundle.unit-test";
		};
/* End PBXNativeTarget section */

/* Begin PBXProject section */
		88F1D780254354F000B6438B /* Project object */ = {
			isa = PBXProject;
			attributes = {
				LastSwiftUpdateCheck = 1170;
				LastUpgradeCheck = 1170;
				ORGANIZATIONNAME = "Guilherme Colombini";
				TargetAttributes = {
					88F1D787254354F000B6438B = {
						CreatedOnToolsVersion = 11.7;
					};
					88F1D79D254354F100B6438B = {
						CreatedOnToolsVersion = 11.7;
						TestTargetID = 88F1D787254354F000B6438B;
					};
				};
			};
			buildConfigurationList = 88F1D783254354F000B6438B /* Build configuration list for PBXProject "events" */;
			compatibilityVersion = "Xcode 9.3";
			developmentRegion = en;
			hasScannedForEncodings = 0;
			knownRegions = (
				en,
				Base,
			);
			mainGroup = 88F1D77F254354F000B6438B;
			productRefGroup = 88F1D789254354F000B6438B /* Products */;
			projectDirPath = "";
			projectRoot = "";
			targets = (
				88F1D787254354F000B6438B /* events */,
				88F1D79D254354F100B6438B /* eventsTests */,
			);
		};
/* End PBXProject section */

/* Begin PBXResourcesBuildPhase section */
		88F1D786254354F000B6438B /* Resources */ = {
			isa = PBXResourcesBuildPhase;
			buildActionMask = 2147483647;
			files = (
				88F1D795254354F100B6438B /* Assets.xcassets in Resources */,
				88F1D7B12543553900B6438B /* LaunchScreen.storyboard in Resources */,
			);
			runOnlyForDeploymentPostprocessing = 0;
		};
		88F1D79C254354F100B6438B /* Resources */ = {
			isa = PBXResourcesBuildPhase;
			buildActionMask = 2147483647;
			files = (
			);
			runOnlyForDeploymentPostprocessing = 0;
		};
/* End PBXResourcesBuildPhase section */

/* Begin PBXShellScriptBuildPhase section */
		2A6DF068AD98DF5C049F9572 /* [CP] Check Pods Manifest.lock */ = {
			isa = PBXShellScriptBuildPhase;
			buildActionMask = 2147483647;
			files = (
			);
			inputFileListPaths = (
			);
			inputPaths = (
				"${PODS_PODFILE_DIR_PATH}/Podfile.lock",
				"${PODS_ROOT}/Manifest.lock",
			);
			name = "[CP] Check Pods Manifest.lock";
			outputFileListPaths = (
			);
			outputPaths = (
				"$(DERIVED_FILE_DIR)/Pods-eventsTests-checkManifestLockResult.txt",
			);
			runOnlyForDeploymentPostprocessing = 0;
			shellPath = /bin/sh;
			shellScript = "diff \"${PODS_PODFILE_DIR_PATH}/Podfile.lock\" \"${PODS_ROOT}/Manifest.lock\" > /dev/null\nif [ $? != 0 ] ; then\n    # print error to STDERR\n    echo \"error: The sandbox is not in sync with the Podfile.lock. Run 'pod install' or update your CocoaPods installation.\" >&2\n    exit 1\nfi\n# This output is used by Xcode 'outputs' to avoid re-running this script phase.\necho \"SUCCESS\" > \"${SCRIPT_OUTPUT_FILE_0}\"\n";
			showEnvVarsInLog = 0;
		};
		516A27AA2EF221C07CB1A0E6 /* [CP] Check Pods Manifest.lock */ = {
			isa = PBXShellScriptBuildPhase;
			buildActionMask = 2147483647;
			files = (
			);
			inputFileListPaths = (
			);
			inputPaths = (
				"${PODS_PODFILE_DIR_PATH}/Podfile.lock",
				"${PODS_ROOT}/Manifest.lock",
			);
			name = "[CP] Check Pods Manifest.lock";
			outputFileListPaths = (
			);
			outputPaths = (
				"$(DERIVED_FILE_DIR)/Pods-events-checkManifestLockResult.txt",
			);
			runOnlyForDeploymentPostprocessing = 0;
			shellPath = /bin/sh;
			shellScript = "diff \"${PODS_PODFILE_DIR_PATH}/Podfile.lock\" \"${PODS_ROOT}/Manifest.lock\" > /dev/null\nif [ $? != 0 ] ; then\n    # print error to STDERR\n    echo \"error: The sandbox is not in sync with the Podfile.lock. Run 'pod install' or update your CocoaPods installation.\" >&2\n    exit 1\nfi\n# This output is used by Xcode 'outputs' to avoid re-running this script phase.\necho \"SUCCESS\" > \"${SCRIPT_OUTPUT_FILE_0}\"\n";
			showEnvVarsInLog = 0;
		};
		54EE5CC1103FD2C347D4EBB1 /* [CP] Embed Pods Frameworks */ = {
			isa = PBXShellScriptBuildPhase;
			buildActionMask = 2147483647;
			files = (
			);
			inputFileListPaths = (
				"${PODS_ROOT}/Target Support Files/Pods-events/Pods-events-frameworks-${CONFIGURATION}-input-files.xcfilelist",
			);
			name = "[CP] Embed Pods Frameworks";
			outputFileListPaths = (
				"${PODS_ROOT}/Target Support Files/Pods-events/Pods-events-frameworks-${CONFIGURATION}-output-files.xcfilelist",
			);
			runOnlyForDeploymentPostprocessing = 0;
			shellPath = /bin/sh;
			shellScript = "\"${PODS_ROOT}/Target Support Files/Pods-events/Pods-events-frameworks.sh\"\n";
			showEnvVarsInLog = 0;
		};
/* End PBXShellScriptBuildPhase section */

/* Begin PBXSourcesBuildPhase section */
		88F1D784254354F000B6438B /* Sources */ = {
			isa = PBXSourcesBuildPhase;
			buildActionMask = 2147483647;
			files = (
				88F1D7D425438F1400B6438B /* EventTableViewCell.swift in Sources */,
				88F1D7CE254389FD00B6438B /* EventsView.swift in Sources */,
				88F1D80A254757F900B6438B /* CheckinViewModel.swift in Sources */,
				88F1D7D125438B7700B6438B /* UIView.swift in Sources */,
				88F1D7DB2544423100B6438B /* Event.swift in Sources */,
				88F1D78C254354F000B6438B /* AppDelegate.swift in Sources */,
				88F1D7E2254499D500B6438B /* EventDetailsViewController.swift in Sources */,
				88F1D7D8254392DC00B6438B /* EventsViewModel.swift in Sources */,
				88F1D78E254354F000B6438B /* SceneDelegate.swift in Sources */,
				88F1D7C02543609600B6438B /* EventAPI.swift in Sources */,
				88F1D7FE2547379400B6438B /* CurrencyFormat.swift in Sources */,
				88F1D808254757EF00B6438B /* CheckinView.swift in Sources */,
				88F1D80025473C4400B6438B /* EventCellViewModel.swift in Sources */,
				88F1D7BE2543606A00B6438B /* APIProtocol.swift in Sources */,
				88F1D7C5254374DD00B6438B /* ServiceError.swift in Sources */,
				88F1D7F22544E45600B6438B /* Palette.swift in Sources */,
				88F1D8022547428300B6438B /* UIViewController.swift in Sources */,
				88F1D7C3254361A100B6438B /* Service.swift in Sources */,
				88F1D7E4254499F300B6438B /* EventDetailsView.swift in Sources */,
				88F1D7E82544C96600B6438B /* Checkin.swift in Sources */,
				88F1D806254757E000B6438B /* CheckinViewController.swift in Sources */,
				88F1D7F62544E50E00B6438B /* Button.swift in Sources */,
				88F1D7EB2544DE3400B6438B /* Label.swift in Sources */,
				88F1D7CC254389F200B6438B /* EventsViewController.swift in Sources */,
				88F1D7EE2544E14600B6438B /* Typography.swift in Sources */,
				88F1D7E62544BAEE00B6438B /* EventDetailsViewModel.swift in Sources */,
				88F1D7FC2547191A00B6438B /* DateFormat.swift in Sources */,
				88F1D80C2547656E00B6438B /* ActivityIndicatorView.swift in Sources */,
			);
			runOnlyForDeploymentPostprocessing = 0;
		};
		88F1D79A254354F100B6438B /* Sources */ = {
			isa = PBXSourcesBuildPhase;
			buildActionMask = 2147483647;
			files = (
				88F1D7A3254354F100B6438B /* eventsTests.swift in Sources */,
			);
			runOnlyForDeploymentPostprocessing = 0;
		};
/* End PBXSourcesBuildPhase section */

/* Begin PBXTargetDependency section */
		88F1D7A0254354F100B6438B /* PBXTargetDependency */ = {
			isa = PBXTargetDependency;
			target = 88F1D787254354F000B6438B /* events */;
			targetProxy = 88F1D79F254354F100B6438B /* PBXContainerItemProxy */;
		};
/* End PBXTargetDependency section */

/* Begin XCBuildConfiguration section */
		88F1D7A5254354F100B6438B /* Debug */ = {
			isa = XCBuildConfiguration;
			buildSettings = {
				ALWAYS_SEARCH_USER_PATHS = NO;
				CLANG_ANALYZER_NONNULL = YES;
				CLANG_ANALYZER_NUMBER_OBJECT_CONVERSION = YES_AGGRESSIVE;
				CLANG_CXX_LANGUAGE_STANDARD = "gnu++14";
				CLANG_CXX_LIBRARY = "libc++";
				CLANG_ENABLE_MODULES = YES;
				CLANG_ENABLE_OBJC_ARC = YES;
				CLANG_ENABLE_OBJC_WEAK = YES;
				CLANG_WARN_BLOCK_CAPTURE_AUTORELEASING = YES;
				CLANG_WARN_BOOL_CONVERSION = YES;
				CLANG_WARN_COMMA = YES;
				CLANG_WARN_CONSTANT_CONVERSION = YES;
				CLANG_WARN_DEPRECATED_OBJC_IMPLEMENTATIONS = YES;
				CLANG_WARN_DIRECT_OBJC_ISA_USAGE = YES_ERROR;
				CLANG_WARN_DOCUMENTATION_COMMENTS = YES;
				CLANG_WARN_EMPTY_BODY = YES;
				CLANG_WARN_ENUM_CONVERSION = YES;
				CLANG_WARN_INFINITE_RECURSION = YES;
				CLANG_WARN_INT_CONVERSION = YES;
				CLANG_WARN_NON_LITERAL_NULL_CONVERSION = YES;
				CLANG_WARN_OBJC_IMPLICIT_RETAIN_SELF = YES;
				CLANG_WARN_OBJC_LITERAL_CONVERSION = YES;
				CLANG_WARN_OBJC_ROOT_CLASS = YES_ERROR;
				CLANG_WARN_RANGE_LOOP_ANALYSIS = YES;
				CLANG_WARN_STRICT_PROTOTYPES = YES;
				CLANG_WARN_SUSPICIOUS_MOVE = YES;
				CLANG_WARN_UNGUARDED_AVAILABILITY = YES_AGGRESSIVE;
				CLANG_WARN_UNREACHABLE_CODE = YES;
				CLANG_WARN__DUPLICATE_METHOD_MATCH = YES;
				COPY_PHASE_STRIP = NO;
				DEBUG_INFORMATION_FORMAT = dwarf;
				ENABLE_STRICT_OBJC_MSGSEND = YES;
				ENABLE_TESTABILITY = YES;
				GCC_C_LANGUAGE_STANDARD = gnu11;
				GCC_DYNAMIC_NO_PIC = NO;
				GCC_NO_COMMON_BLOCKS = YES;
				GCC_OPTIMIZATION_LEVEL = 0;
				GCC_PREPROCESSOR_DEFINITIONS = (
					"DEBUG=1",
					"$(inherited)",
				);
				GCC_WARN_64_TO_32_BIT_CONVERSION = YES;
				GCC_WARN_ABOUT_RETURN_TYPE = YES_ERROR;
				GCC_WARN_UNDECLARED_SELECTOR = YES;
				GCC_WARN_UNINITIALIZED_AUTOS = YES_AGGRESSIVE;
				GCC_WARN_UNUSED_FUNCTION = YES;
				GCC_WARN_UNUSED_VARIABLE = YES;
				IPHONEOS_DEPLOYMENT_TARGET = 13.7;
				MTL_ENABLE_DEBUG_INFO = INCLUDE_SOURCE;
				MTL_FAST_MATH = YES;
				ONLY_ACTIVE_ARCH = YES;
				SDKROOT = iphoneos;
				SWIFT_ACTIVE_COMPILATION_CONDITIONS = DEBUG;
				SWIFT_OPTIMIZATION_LEVEL = "-Onone";
			};
			name = Debug;
		};
		88F1D7A6254354F100B6438B /* Release */ = {
			isa = XCBuildConfiguration;
			buildSettings = {
				ALWAYS_SEARCH_USER_PATHS = NO;
				CLANG_ANALYZER_NONNULL = YES;
				CLANG_ANALYZER_NUMBER_OBJECT_CONVERSION = YES_AGGRESSIVE;
				CLANG_CXX_LANGUAGE_STANDARD = "gnu++14";
				CLANG_CXX_LIBRARY = "libc++";
				CLANG_ENABLE_MODULES = YES;
				CLANG_ENABLE_OBJC_ARC = YES;
				CLANG_ENABLE_OBJC_WEAK = YES;
				CLANG_WARN_BLOCK_CAPTURE_AUTORELEASING = YES;
				CLANG_WARN_BOOL_CONVERSION = YES;
				CLANG_WARN_COMMA = YES;
				CLANG_WARN_CONSTANT_CONVERSION = YES;
				CLANG_WARN_DEPRECATED_OBJC_IMPLEMENTATIONS = YES;
				CLANG_WARN_DIRECT_OBJC_ISA_USAGE = YES_ERROR;
				CLANG_WARN_DOCUMENTATION_COMMENTS = YES;
				CLANG_WARN_EMPTY_BODY = YES;
				CLANG_WARN_ENUM_CONVERSION = YES;
				CLANG_WARN_INFINITE_RECURSION = YES;
				CLANG_WARN_INT_CONVERSION = YES;
				CLANG_WARN_NON_LITERAL_NULL_CONVERSION = YES;
				CLANG_WARN_OBJC_IMPLICIT_RETAIN_SELF = YES;
				CLANG_WARN_OBJC_LITERAL_CONVERSION = YES;
				CLANG_WARN_OBJC_ROOT_CLASS = YES_ERROR;
				CLANG_WARN_RANGE_LOOP_ANALYSIS = YES;
				CLANG_WARN_STRICT_PROTOTYPES = YES;
				CLANG_WARN_SUSPICIOUS_MOVE = YES;
				CLANG_WARN_UNGUARDED_AVAILABILITY = YES_AGGRESSIVE;
				CLANG_WARN_UNREACHABLE_CODE = YES;
				CLANG_WARN__DUPLICATE_METHOD_MATCH = YES;
				COPY_PHASE_STRIP = NO;
				DEBUG_INFORMATION_FORMAT = "dwarf-with-dsym";
				ENABLE_NS_ASSERTIONS = NO;
				ENABLE_STRICT_OBJC_MSGSEND = YES;
				GCC_C_LANGUAGE_STANDARD = gnu11;
				GCC_NO_COMMON_BLOCKS = YES;
				GCC_WARN_64_TO_32_BIT_CONVERSION = YES;
				GCC_WARN_ABOUT_RETURN_TYPE = YES_ERROR;
				GCC_WARN_UNDECLARED_SELECTOR = YES;
				GCC_WARN_UNINITIALIZED_AUTOS = YES_AGGRESSIVE;
				GCC_WARN_UNUSED_FUNCTION = YES;
				GCC_WARN_UNUSED_VARIABLE = YES;
				IPHONEOS_DEPLOYMENT_TARGET = 13.7;
				MTL_ENABLE_DEBUG_INFO = NO;
				MTL_FAST_MATH = YES;
				SDKROOT = iphoneos;
				SWIFT_COMPILATION_MODE = wholemodule;
				SWIFT_OPTIMIZATION_LEVEL = "-O";
				VALIDATE_PRODUCT = YES;
			};
			name = Release;
		};
		88F1D7A8254354F100B6438B /* Debug */ = {
			isa = XCBuildConfiguration;
			baseConfigurationReference = D21EBA6EF2F950C586A94623 /* Pods-events.debug.xcconfig */;
			buildSettings = {
				ASSETCATALOG_COMPILER_APPICON_NAME = AppIcon;
				CODE_SIGN_STYLE = Automatic;
				INFOPLIST_FILE = events/application/Info.plist;
				LD_RUNPATH_SEARCH_PATHS = (
					"$(inherited)",
					"@executable_path/Frameworks",
				);
				PRODUCT_BUNDLE_IDENTIFIER = "com.guilherme-colombini.events";
				PRODUCT_NAME = "$(TARGET_NAME)";
				SWIFT_VERSION = 5.0;
				TARGETED_DEVICE_FAMILY = 1;
			};
			name = Debug;
		};
		88F1D7A9254354F100B6438B /* Release */ = {
			isa = XCBuildConfiguration;
			baseConfigurationReference = A234ACF043CD57523891267F /* Pods-events.release.xcconfig */;
			buildSettings = {
				ASSETCATALOG_COMPILER_APPICON_NAME = AppIcon;
				CODE_SIGN_STYLE = Automatic;
				INFOPLIST_FILE = events/application/Info.plist;
				LD_RUNPATH_SEARCH_PATHS = (
					"$(inherited)",
					"@executable_path/Frameworks",
				);
				PRODUCT_BUNDLE_IDENTIFIER = "com.guilherme-colombini.events";
				PRODUCT_NAME = "$(TARGET_NAME)";
				SWIFT_VERSION = 5.0;
				TARGETED_DEVICE_FAMILY = 1;
			};
			name = Release;
		};
		88F1D7AB254354F100B6438B /* Debug */ = {
			isa = XCBuildConfiguration;
			baseConfigurationReference = D4BF9C0BE5208D3CBD1D452A /* Pods-eventsTests.debug.xcconfig */;
			buildSettings = {
				ALWAYS_EMBED_SWIFT_STANDARD_LIBRARIES = YES;
				BUNDLE_LOADER = "$(TEST_HOST)";
				CODE_SIGN_STYLE = Automatic;
				INFOPLIST_FILE = eventsTests/Info.plist;
				IPHONEOS_DEPLOYMENT_TARGET = 13.7;
				LD_RUNPATH_SEARCH_PATHS = (
					"$(inherited)",
					"@executable_path/Frameworks",
					"@loader_path/Frameworks",
				);
				PRODUCT_BUNDLE_IDENTIFIER = "com.guilherme-colombini.eventsTests";
				PRODUCT_NAME = "$(TARGET_NAME)";
				SWIFT_VERSION = 5.0;
				TARGETED_DEVICE_FAMILY = "1,2";
				TEST_HOST = "$(BUILT_PRODUCTS_DIR)/events.app/events";
			};
			name = Debug;
		};
		88F1D7AC254354F100B6438B /* Release */ = {
			isa = XCBuildConfiguration;
			baseConfigurationReference = F63C236F99333BEF29CA6CC0 /* Pods-eventsTests.release.xcconfig */;
			buildSettings = {
				ALWAYS_EMBED_SWIFT_STANDARD_LIBRARIES = YES;
				BUNDLE_LOADER = "$(TEST_HOST)";
				CODE_SIGN_STYLE = Automatic;
				INFOPLIST_FILE = eventsTests/Info.plist;
				IPHONEOS_DEPLOYMENT_TARGET = 13.7;
				LD_RUNPATH_SEARCH_PATHS = (
					"$(inherited)",
					"@executable_path/Frameworks",
					"@loader_path/Frameworks",
				);
				PRODUCT_BUNDLE_IDENTIFIER = "com.guilherme-colombini.eventsTests";
				PRODUCT_NAME = "$(TARGET_NAME)";
				SWIFT_VERSION = 5.0;
				TARGETED_DEVICE_FAMILY = "1,2";
				TEST_HOST = "$(BUILT_PRODUCTS_DIR)/events.app/events";
			};
			name = Release;
		};
/* End XCBuildConfiguration section */

/* Begin XCConfigurationList section */
		88F1D783254354F000B6438B /* Build configuration list for PBXProject "events" */ = {
			isa = XCConfigurationList;
			buildConfigurations = (
				88F1D7A5254354F100B6438B /* Debug */,
				88F1D7A6254354F100B6438B /* Release */,
			);
			defaultConfigurationIsVisible = 0;
			defaultConfigurationName = Release;
		};
		88F1D7A7254354F100B6438B /* Build configuration list for PBXNativeTarget "events" */ = {
			isa = XCConfigurationList;
			buildConfigurations = (
				88F1D7A8254354F100B6438B /* Debug */,
				88F1D7A9254354F100B6438B /* Release */,
			);
			defaultConfigurationIsVisible = 0;
			defaultConfigurationName = Release;
		};
		88F1D7AA254354F100B6438B /* Build configuration list for PBXNativeTarget "eventsTests" */ = {
			isa = XCConfigurationList;
			buildConfigurations = (
				88F1D7AB254354F100B6438B /* Debug */,
				88F1D7AC254354F100B6438B /* Release */,
			);
			defaultConfigurationIsVisible = 0;
			defaultConfigurationName = Release;
		};
/* End XCConfigurationList section */
	};
	rootObject = 88F1D780254354F000B6438B /* Project object */;
}
